// !$*UTF8*$!
{
	archiveVersion = 1;
	classes = {
	};
	objectVersion = 56;
	objects = {

/* Begin PBXBuildFile section */
		6553B17B2B2230FA005584CD /* AppDelegate.swift in Sources */ = {isa = PBXBuildFile; fileRef = 6553B17A2B2230FA005584CD /* AppDelegate.swift */; };
		6553B17D2B2230FA005584CD /* SceneDelegate.swift in Sources */ = {isa = PBXBuildFile; fileRef = 6553B17C2B2230FA005584CD /* SceneDelegate.swift */; };
		6553B17F2B2230FA005584CD /* TodViewController.swift in Sources */ = {isa = PBXBuildFile; fileRef = 6553B17E2B2230FA005584CD /* TodViewController.swift */; };
		6553B1822B2230FA005584CD /* Main.storyboard in Resources */ = {isa = PBXBuildFile; fileRef = 6553B1802B2230FA005584CD /* Main.storyboard */; };
		6553B1852B2230FA005584CD /* TodoApp.xcdatamodeld in Sources */ = {isa = PBXBuildFile; fileRef = 6553B1832B2230FA005584CD /* TodoApp.xcdatamodeld */; };
		6553B1872B2230FB005584CD /* Assets.xcassets in Resources */ = {isa = PBXBuildFile; fileRef = 6553B1862B2230FB005584CD /* Assets.xcassets */; };
		6553B18A2B2230FB005584CD /* LaunchScreen.storyboard in Resources */ = {isa = PBXBuildFile; fileRef = 6553B1882B2230FB005584CD /* LaunchScreen.storyboard */; };
		6553B1932B223157005584CD /* TodoModelView.swift in Sources */ = {isa = PBXBuildFile; fileRef = 6553B1922B223157005584CD /* TodoModelView.swift */; };
		6553B1962B2238DE005584CD /* TodoTableViewCell.swift in Sources */ = {isa = PBXBuildFile; fileRef = 6553B1952B2238DE005584CD /* TodoTableViewCell.swift */; };
		6553B19B2B223D1B005584CD /* TodoAddViewController.swift in Sources */ = {isa = PBXBuildFile; fileRef = 6553B19A2B223D1B005584CD /* TodoAddViewController.swift */; };
		6553B19F2B223DEC005584CD /* TodoViewEventDelegate.swift in Sources */ = {isa = PBXBuildFile; fileRef = 6553B19E2B223DEC005584CD /* TodoViewEventDelegate.swift */; };
/* End PBXBuildFile section */

/* Begin PBXFileReference section */
		6553B1772B2230FA005584CD /* TodoApp.app */ = {isa = PBXFileReference; explicitFileType = wrapper.application; includeInIndex = 0; path = TodoApp.app; sourceTree = BUILT_PRODUCTS_DIR; };
		6553B17A2B2230FA005584CD /* AppDelegate.swift */ = {isa = PBXFileReference; lastKnownFileType = sourcecode.swift; path = AppDelegate.swift; sourceTree = "<group>"; };
		6553B17C2B2230FA005584CD /* SceneDelegate.swift */ = {isa = PBXFileReference; lastKnownFileType = sourcecode.swift; path = SceneDelegate.swift; sourceTree = "<group>"; };
		6553B17E2B2230FA005584CD /* TodViewController.swift */ = {isa = PBXFileReference; lastKnownFileType = sourcecode.swift; path = TodViewController.swift; sourceTree = "<group>"; };
		6553B1812B2230FA005584CD /* Base */ = {isa = PBXFileReference; lastKnownFileType = file.storyboard; name = Base; path = Base.lproj/Main.storyboard; sourceTree = "<group>"; };
		6553B1842B2230FA005584CD /* TodoApp.xcdatamodel */ = {isa = PBXFileReference; lastKnownFileType = wrapper.xcdatamodel; path = TodoApp.xcdatamodel; sourceTree = "<group>"; };
		6553B1862B2230FB005584CD /* Assets.xcassets */ = {isa = PBXFileReference; lastKnownFileType = folder.assetcatalog; path = Assets.xcassets; sourceTree = "<group>"; };
		6553B1892B2230FB005584CD /* Base */ = {isa = PBXFileReference; lastKnownFileType = file.storyboard; name = Base; path = Base.lproj/LaunchScreen.storyboard; sourceTree = "<group>"; };
		6553B18B2B2230FB005584CD /* Info.plist */ = {isa = PBXFileReference; lastKnownFileType = text.plist.xml; path = Info.plist; sourceTree = "<group>"; };
		6553B1922B223157005584CD /* TodoModelView.swift */ = {isa = PBXFileReference; lastKnownFileType = sourcecode.swift; path = TodoModelView.swift; sourceTree = "<group>"; };
		6553B1952B2238DE005584CD /* TodoTableViewCell.swift */ = {isa = PBXFileReference; lastKnownFileType = sourcecode.swift; path = TodoTableViewCell.swift; sourceTree = "<group>"; };
		6553B19A2B223D1B005584CD /* TodoAddViewController.swift */ = {isa = PBXFileReference; lastKnownFileType = sourcecode.swift; path = TodoAddViewController.swift; sourceTree = "<group>"; };
		6553B19E2B223DEC005584CD /* TodoViewEventDelegate.swift */ = {isa = PBXFileReference; lastKnownFileType = sourcecode.swift; path = TodoViewEventDelegate.swift; sourceTree = "<group>"; };
/* End PBXFileReference section */

/* Begin PBXFrameworksBuildPhase section */
		6553B1742B2230FA005584CD /* Frameworks */ = {
			isa = PBXFrameworksBuildPhase;
			buildActionMask = 2147483647;
			files = (
			);
			runOnlyForDeploymentPostprocessing = 0;
		};
/* End PBXFrameworksBuildPhase section */

/* Begin PBXGroup section */
		6553B16E2B2230FA005584CD = {
			isa = PBXGroup;
			children = (
				6553B1792B2230FA005584CD /* TodoApp */,
				6553B1782B2230FA005584CD /* Products */,
			);
			sourceTree = "<group>";
		};
		6553B1782B2230FA005584CD /* Products */ = {
			isa = PBXGroup;
			children = (
				6553B1772B2230FA005584CD /* TodoApp.app */,
			);
			name = Products;
			sourceTree = "<group>";
		};
		6553B1792B2230FA005584CD /* TodoApp */ = {
			isa = PBXGroup;
			children = (
				6553B1972B223CC7005584CD /* ViewController */,
				6553B1942B2238B6005584CD /* View */,
				6553B1912B22313F005584CD /* ModelView */,
				6553B17A2B2230FA005584CD /* AppDelegate.swift */,
				6553B17C2B2230FA005584CD /* SceneDelegate.swift */,
				6553B1802B2230FA005584CD /* Main.storyboard */,
				6553B1862B2230FB005584CD /* Assets.xcassets */,
				6553B1882B2230FB005584CD /* LaunchScreen.storyboard */,
				6553B18B2B2230FB005584CD /* Info.plist */,
				6553B1832B2230FA005584CD /* TodoApp.xcdatamodeld */,
			);
			path = TodoApp;
			sourceTree = "<group>";
		};
		6553B1912B22313F005584CD /* ModelView */ = {
			isa = PBXGroup;
			children = (
				6553B1922B223157005584CD /* TodoModelView.swift */,
			);
			path = ModelView;
			sourceTree = "<group>";
		};
		6553B1942B2238B6005584CD /* View */ = {
			isa = PBXGroup;
			children = (
				6553B1952B2238DE005584CD /* TodoTableViewCell.swift */,
			);
			path = View;
			sourceTree = "<group>";
		};
		6553B1972B223CC7005584CD /* ViewController */ = {
			isa = PBXGroup;
			children = (
				6553B19D2B223DDB005584CD /* AddView */,
				6553B19C2B223DCD005584CD /* HomeView */,
			);
			path = ViewController;
			sourceTree = "<group>";
		};
		6553B19C2B223DCD005584CD /* HomeView */ = {
			isa = PBXGroup;
			children = (
				6553B17E2B2230FA005584CD /* TodViewController.swift */,
				6553B19E2B223DEC005584CD /* TodoViewEventDelegate.swift */,
			);
			path = HomeView;
			sourceTree = "<group>";
		};
		6553B19D2B223DDB005584CD /* AddView */ = {
			isa = PBXGroup;
			children = (
				6553B19A2B223D1B005584CD /* TodoAddViewController.swift */,
			);
			path = AddView;
			sourceTree = "<group>";
		};
/* End PBXGroup section */

/* Begin PBXNativeTarget section */
		6553B1762B2230FA005584CD /* TodoApp */ = {
			isa = PBXNativeTarget;
			buildConfigurationList = 6553B18E2B2230FB005584CD /* Build configuration list for PBXNativeTarget "TodoApp" */;
			buildPhases = (
				6553B1732B2230FA005584CD /* Sources */,
				6553B1742B2230FA005584CD /* Frameworks */,
				6553B1752B2230FA005584CD /* Resources */,
			);
			buildRules = (
			);
			dependencies = (
			);
			name = TodoApp;
			productName = TodoApp;
			productReference = 6553B1772B2230FA005584CD /* TodoApp.app */;
			productType = "com.apple.product-type.application";
		};
/* End PBXNativeTarget section */

/* Begin PBXProject section */
		6553B16F2B2230FA005584CD /* Project object */ = {
			isa = PBXProject;
			attributes = {
				BuildIndependentTargetsInParallel = 1;
				LastSwiftUpdateCheck = 1500;
				LastUpgradeCheck = 1500;
				TargetAttributes = {
					6553B1762B2230FA005584CD = {
						CreatedOnToolsVersion = 15.0.1;
					};
				};
			};
			buildConfigurationList = 6553B1722B2230FA005584CD /* Build configuration list for PBXProject "TodoApp" */;
			compatibilityVersion = "Xcode 14.0";
			developmentRegion = en;
			hasScannedForEncodings = 0;
			knownRegions = (
				en,
				Base,
			);
			mainGroup = 6553B16E2B2230FA005584CD;
			productRefGroup = 6553B1782B2230FA005584CD /* Products */;
			projectDirPath = "";
			projectRoot = "";
			targets = (
				6553B1762B2230FA005584CD /* TodoApp */,
			);
		};
/* End PBXProject section */

/* Begin PBXResourcesBuildPhase section */
		6553B1752B2230FA005584CD /* Resources */ = {
			isa = PBXResourcesBuildPhase;
			buildActionMask = 2147483647;
			files = (
				6553B18A2B2230FB005584CD /* LaunchScreen.storyboard in Resources */,
				6553B1872B2230FB005584CD /* Assets.xcassets in Resources */,
				6553B1822B2230FA005584CD /* Main.storyboard in Resources */,
			);
			runOnlyForDeploymentPostprocessing = 0;
		};
/* End PBXResourcesBuildPhase section */

/* Begin PBXSourcesBuildPhase section */
		6553B1732B2230FA005584CD /* Sources */ = {
			isa = PBXSourcesBuildPhase;
			buildActionMask = 2147483647;
			files = (
				6553B17F2B2230FA005584CD /* TodViewController.swift in Sources */,
				6553B17B2B2230FA005584CD /* AppDelegate.swift in Sources */,
				6553B17D2B2230FA005584CD /* SceneDelegate.swift in Sources */,
				6553B19B2B223D1B005584CD /* TodoAddViewController.swift in Sources */,
				6553B19F2B223DEC005584CD /* TodoViewEventDelegate.swift in Sources */,
				6553B1962B2238DE005584CD /* TodoTableViewCell.swift in Sources */,
				6553B1932B223157005584CD /* TodoModelView.swift in Sources */,
				6553B1852B2230FA005584CD /* TodoApp.xcdatamodeld in Sources */,
			);
			runOnlyForDeploymentPostprocessing = 0;
		};
/* End PBXSourcesBuildPhase section */

/* Begin PBXVariantGroup section */
		6553B1802B2230FA005584CD /* Main.storyboard */ = {
			isa = PBXVariantGroup;
			children = (
				6553B1812B2230FA005584CD /* Base */,
			);
			name = Main.storyboard;
			sourceTree = "<group>";
		};
		6553B1882B2230FB005584CD /* LaunchScreen.storyboard */ = {
			isa = PBXVariantGroup;
			children = (
				6553B1892B2230FB005584CD /* Base */,
			);
			name = LaunchScreen.storyboard;
			sourceTree = "<group>";
		};
/* End PBXVariantGroup section */

/* Begin XCBuildConfiguration section */
		6553B18C2B2230FB005584CD /* Debug */ = {
			isa = XCBuildConfiguration;
			buildSettings = {
				ALWAYS_SEARCH_USER_PATHS = NO;
				ASSETCATALOG_COMPILER_GENERATE_SWIFT_ASSET_SYMBOL_EXTENSIONS = YES;
				CLANG_ANALYZER_NONNULL = YES;
				CLANG_ANALYZER_NUMBER_OBJECT_CONVERSION = YES_AGGRESSIVE;
				CLANG_CXX_LANGUAGE_STANDARD = "gnu++20";
				CLANG_ENABLE_MODULES = YES;
				CLANG_ENABLE_OBJC_ARC = YES;
				CLANG_ENABLE_OBJC_WEAK = YES;
				CLANG_WARN_BLOCK_CAPTURE_AUTORELEASING = YES;
				CLANG_WARN_BOOL_CONVERSION = YES;
				CLANG_WARN_COMMA = YES;
				CLANG_WARN_CONSTANT_CONVERSION = YES;
				CLANG_WARN_DEPRECATED_OBJC_IMPLEMENTATIONS = YES;
				CLANG_WARN_DIRECT_OBJC_ISA_USAGE = YES_ERROR;
				CLANG_WARN_DOCUMENTATION_COMMENTS = YES;
				CLANG_WARN_EMPTY_BODY = YES;
				CLANG_WARN_ENUM_CONVERSION = YES;
				CLANG_WARN_INFINITE_RECURSION = YES;
				CLANG_WARN_INT_CONVERSION = YES;
				CLANG_WARN_NON_LITERAL_NULL_CONVERSION = YES;
				CLANG_WARN_OBJC_IMPLICIT_RETAIN_SELF = YES;
				CLANG_WARN_OBJC_LITERAL_CONVERSION = YES;
				CLANG_WARN_OBJC_ROOT_CLASS = YES_ERROR;
				CLANG_WARN_QUOTED_INCLUDE_IN_FRAMEWORK_HEADER = YES;
				CLANG_WARN_RANGE_LOOP_ANALYSIS = YES;
				CLANG_WARN_STRICT_PROTOTYPES = YES;
				CLANG_WARN_SUSPICIOUS_MOVE = YES;
				CLANG_WARN_UNGUARDED_AVAILABILITY = YES_AGGRESSIVE;
				CLANG_WARN_UNREACHABLE_CODE = YES;
				CLANG_WARN__DUPLICATE_METHOD_MATCH = YES;
				COPY_PHASE_STRIP = NO;
				DEBUG_INFORMATION_FORMAT = dwarf;
				ENABLE_STRICT_OBJC_MSGSEND = YES;
				ENABLE_TESTABILITY = YES;
				ENABLE_USER_SCRIPT_SANDBOXING = YES;
				GCC_C_LANGUAGE_STANDARD = gnu17;
				GCC_DYNAMIC_NO_PIC = NO;
				GCC_NO_COMMON_BLOCKS = YES;
				GCC_OPTIMIZATION_LEVEL = 0;
				GCC_PREPROCESSOR_DEFINITIONS = (
					"DEBUG=1",
					"$(inherited)",
				);
				GCC_WARN_64_TO_32_BIT_CONVERSION = YES;
				GCC_WARN_ABOUT_RETURN_TYPE = YES_ERROR;
				GCC_WARN_UNDECLARED_SELECTOR = YES;
				GCC_WARN_UNINITIALIZED_AUTOS = YES_AGGRESSIVE;
				GCC_WARN_UNUSED_FUNCTION = YES;
				GCC_WARN_UNUSED_VARIABLE = YES;
				IPHONEOS_DEPLOYMENT_TARGET = 17.0;
				LOCALIZATION_PREFERS_STRING_CATALOGS = YES;
				MTL_ENABLE_DEBUG_INFO = INCLUDE_SOURCE;
				MTL_FAST_MATH = YES;
				ONLY_ACTIVE_ARCH = YES;
				SDKROOT = iphoneos;
				SWIFT_ACTIVE_COMPILATION_CONDITIONS = "DEBUG $(inherited)";
				SWIFT_OPTIMIZATION_LEVEL = "-Onone";
			};
			name = Debug;
		};
		6553B18D2B2230FB005584CD /* Release */ = {
			isa = XCBuildConfiguration;
			buildSettings = {
				ALWAYS_SEARCH_USER_PATHS = NO;
				ASSETCATALOG_COMPILER_GENERATE_SWIFT_ASSET_SYMBOL_EXTENSIONS = YES;
				CLANG_ANALYZER_NONNULL = YES;
				CLANG_ANALYZER_NUMBER_OBJECT_CONVERSION = YES_AGGRESSIVE;
				CLANG_CXX_LANGUAGE_STANDARD = "gnu++20";
				CLANG_ENABLE_MODULES = YES;
				CLANG_ENABLE_OBJC_ARC = YES;
				CLANG_ENABLE_OBJC_WEAK = YES;
				CLANG_WARN_BLOCK_CAPTURE_AUTORELEASING = YES;
				CLANG_WARN_BOOL_CONVERSION = YES;
				CLANG_WARN_COMMA = YES;
				CLANG_WARN_CONSTANT_CONVERSION = YES;
				CLANG_WARN_DEPRECATED_OBJC_IMPLEMENTATIONS = YES;
				CLANG_WARN_DIRECT_OBJC_ISA_USAGE = YES_ERROR;
				CLANG_WARN_DOCUMENTATION_COMMENTS = YES;
				CLANG_WARN_EMPTY_BODY = YES;
				CLANG_WARN_ENUM_CONVERSION = YES;
				CLANG_WARN_INFINITE_RECURSION = YES;
				CLANG_WARN_INT_CONVERSION = YES;
				CLANG_WARN_NON_LITERAL_NULL_CONVERSION = YES;
				CLANG_WARN_OBJC_IMPLICIT_RETAIN_SELF = YES;
				CLANG_WARN_OBJC_LITERAL_CONVERSION = YES;
				CLANG_WARN_OBJC_ROOT_CLASS = YES_ERROR;
				CLANG_WARN_QUOTED_INCLUDE_IN_FRAMEWORK_HEADER = YES;
				CLANG_WARN_RANGE_LOOP_ANALYSIS = YES;
				CLANG_WARN_STRICT_PROTOTYPES = YES;
				CLANG_WARN_SUSPICIOUS_MOVE = YES;
				CLANG_WARN_UNGUARDED_AVAILABILITY = YES_AGGRESSIVE;
				CLANG_WARN_UNREACHABLE_CODE = YES;
				CLANG_WARN__DUPLICATE_METHOD_MATCH = YES;
				COPY_PHASE_STRIP = NO;
				DEBUG_INFORMATION_FORMAT = "dwarf-with-dsym";
				ENABLE_NS_ASSERTIONS = NO;
				ENABLE_STRICT_OBJC_MSGSEND = YES;
				ENABLE_USER_SCRIPT_SANDBOXING = YES;
				GCC_C_LANGUAGE_STANDARD = gnu17;
				GCC_NO_COMMON_BLOCKS = YES;
				GCC_WARN_64_TO_32_BIT_CONVERSION = YES;
				GCC_WARN_ABOUT_RETURN_TYPE = YES_ERROR;
				GCC_WARN_UNDECLARED_SELECTOR = YES;
				GCC_WARN_UNINITIALIZED_AUTOS = YES_AGGRESSIVE;
				GCC_WARN_UNUSED_FUNCTION = YES;
				GCC_WARN_UNUSED_VARIABLE = YES;
				IPHONEOS_DEPLOYMENT_TARGET = 17.0;
				LOCALIZATION_PREFERS_STRING_CATALOGS = YES;
				MTL_ENABLE_DEBUG_INFO = NO;
				MTL_FAST_MATH = YES;
				SDKROOT = iphoneos;
				SWIFT_COMPILATION_MODE = wholemodule;
				VALIDATE_PRODUCT = YES;
			};
			name = Release;
		};
		6553B18F2B2230FB005584CD /* Debug */ = {
			isa = XCBuildConfiguration;
			buildSettings = {
				ASSETCATALOG_COMPILER_APPICON_NAME = AppIcon;
				ASSETCATALOG_COMPILER_GLOBAL_ACCENT_COLOR_NAME = AccentColor;
				CODE_SIGN_STYLE = Automatic;
				CURRENT_PROJECT_VERSION = 1;
				GENERATE_INFOPLIST_FILE = YES;
				INFOPLIST_FILE = TodoApp/Info.plist;
				INFOPLIST_KEY_UIApplicationSupportsIndirectInputEvents = YES;
				INFOPLIST_KEY_UILaunchStoryboardName = LaunchScreen;
				INFOPLIST_KEY_UIMainStoryboardFile = Main;
				INFOPLIST_KEY_UISupportedInterfaceOrientations_iPad = "UIInterfaceOrientationPortrait UIInterfaceOrientationPortraitUpsideDown UIInterfaceOrientationLandscapeLeft UIInterfaceOrientationLandscapeRight";
				INFOPLIST_KEY_UISupportedInterfaceOrientations_iPhone = "UIInterfaceOrientationPortrait UIInterfaceOrientationLandscapeLeft UIInterfaceOrientationLandscapeRight";
				LD_RUNPATH_SEARCH_PATHS = (
					"$(inherited)",
					"@executable_path/Frameworks",
				);
				MARKETING_VERSION = 1.0;
				PRODUCT_BUNDLE_IDENTIFIER = com.hls.TodoApp;
				PRODUCT_NAME = "$(TARGET_NAME)";
				SWIFT_EMIT_LOC_STRINGS = YES;
				SWIFT_VERSION = 5.0;
				TARGETED_DEVICE_FAMILY = "1,2";
			};
			name = Debug;
		};
		6553B1902B2230FB005584CD /* Release */ = {
			isa = XCBuildConfiguration;
			buildSettings = {
				ASSETCATALOG_COMPILER_APPICON_NAME = AppIcon;
				ASSETCATALOG_COMPILER_GLOBAL_ACCENT_COLOR_NAME = AccentColor;
				CODE_SIGN_STYLE = Automatic;
				CURRENT_PROJECT_VERSION = 1;
				GENERATE_INFOPLIST_FILE = YES;
				INFOPLIST_FILE = TodoApp/Info.plist;
				INFOPLIST_KEY_UIApplicationSupportsIndirectInputEvents = YES;
				INFOPLIST_KEY_UILaunchStoryboardName = LaunchScreen;
				INFOPLIST_KEY_UIMainStoryboardFile = Main;
				INFOPLIST_KEY_UISupportedInterfaceOrientations_iPad = "UIInterfaceOrientationPortrait UIInterfaceOrientationPortraitUpsideDown UIInterfaceOrientationLandscapeLeft UIInterfaceOrientationLandscapeRight";
				INFOPLIST_KEY_UISupportedInterfaceOrientations_iPhone = "UIInterfaceOrientationPortrait UIInterfaceOrientationLandscapeLeft UIInterfaceOrientationLandscapeRight";
				LD_RUNPATH_SEARCH_PATHS = (
					"$(inherited)",
					"@executable_path/Frameworks",
				);
				MARKETING_VERSION = 1.0;
				PRODUCT_BUNDLE_IDENTIFIER = com.hls.TodoApp;
				PRODUCT_NAME = "$(TARGET_NAME)";
				SWIFT_EMIT_LOC_STRINGS = YES;
				SWIFT_VERSION = 5.0;
				TARGETED_DEVICE_FAMILY = "1,2";
			};
			name = Release;
		};
/* End XCBuildConfiguration section */

/* Begin XCConfigurationList section */
		6553B1722B2230FA005584CD /* Build configuration list for PBXProject "TodoApp" */ = {
			isa = XCConfigurationList;
			buildConfigurations = (
				6553B18C2B2230FB005584CD /* Debug */,
				6553B18D2B2230FB005584CD /* Release */,
			);
			defaultConfigurationIsVisible = 0;
			defaultConfigurationName = Release;
		};
		6553B18E2B2230FB005584CD /* Build configuration list for PBXNativeTarget "TodoApp" */ = {
			isa = XCConfigurationList;
			buildConfigurations = (
				6553B18F2B2230FB005584CD /* Debug */,
				6553B1902B2230FB005584CD /* Release */,
			);
			defaultConfigurationIsVisible = 0;
			defaultConfigurationName = Release;
		};
/* End XCConfigurationList section */

/* Begin XCVersionGroup section */
		6553B1832B2230FA005584CD /* TodoApp.xcdatamodeld */ = {
			isa = XCVersionGroup;
			children = (
				6553B1842B2230FA005584CD /* TodoApp.xcdatamodel */,
			);
			currentVersion = 6553B1842B2230FA005584CD /* TodoApp.xcdatamodel */;
			path = TodoApp.xcdatamodeld;
			sourceTree = "<group>";
			versionGroupType = wrapper.xcdatamodel;
		};
/* End XCVersionGroup section */
	};
	rootObject = 6553B16F2B2230FA005584CD /* Project object */;
}
